<?xml version="1.0" encoding="utf-8"?>
<Project ToolsVersion="4.0" xmlns="http://schemas.microsoft.com/developer/msbuild/2003">
  <ItemGroup>
    <Filter Include="Source Files">
      <UniqueIdentifier>{4FC737F1-C7A5-4376-A066-2A32D752A2FF}</UniqueIdentifier>
      <Extensions>cpp;c;cc;cxx;c++;cppm;ixx;def;odl;idl;hpj;bat;asm;asmx</Extensions>
    </Filter>
    <Filter Include="Header Files">
      <UniqueIdentifier>{93995380-89BD-4b04-88EB-625FBE52EBFB}</UniqueIdentifier>
      <Extensions>h;hh;hpp;hxx;h++;hm;inl;inc;ipp;xsd</Extensions>
    </Filter>
    <Filter Include="Resource Files">
      <UniqueIdentifier>{67DA6AB6-F800-4c08-8B7A-83BB121AAD01}</UniqueIdentifier>
      <Extensions>rc;ico;cur;bmp;dlg;rc2;rct;bin;rgs;gif;jpg;jpeg;jpe;resx;tiff;tif;png;wav;mfcribbon-ms</Extensions>
    </Filter>
  </ItemGroup>
  <ItemGroup>
    <ClCompile Include="Squeak.cpp">
      <Filter>Source Files</Filter>
    </ClCompile>
    <ClCompile Include="DecoyDuck.cpp">
      <Filter>Source Files</Filter>
    </ClCompile>
    <ClCompile Include="Duck.cpp">
      <Filter>Source Files</Filter>
    </ClCompile>
    <ClCompile Include="FlyNoWay.cpp">
      <Filter>Source Files</Filter>
    </ClCompile>
    <ClCompile Include="FlyWithWings.cpp">
      <Filter>Source Files</Filter>
    </ClCompile>
    <ClCompile Include="main.cpp">
      <Filter>Source Files</Filter>
    </ClCompile>
    <ClCompile Include="MallardDuck.cpp">
      <Filter>Source Files</Filter>
    </ClCompile>
    <ClCompile Include="MuteQuack.cpp">
      <Filter>Source Files</Filter>
    </ClCompile>
    <ClCompile Include="Quack.cpp">
      <Filter>Source Files</Filter>
    </ClCompile>
    <ClCompile Include="RedHeadDuck.cpp">
      <Filter>Source Files</Filter>
    </ClCompile>
    <ClCompile Include="PekinDuck.cpp">
      <Filter>Source Files</Filter>
    </ClCompile>
    <ClCompile Include="LaysEggsBroody.cpp">
      <Filter>Source Files</Filter>
    </ClCompile>
    <ClCompile Include="LaysEggsNotBroody.cpp">
      <Filter>Source Files</Filter>
    </ClCompile>
    <ClCompile Include="DoesNotLayEggs.cpp">
      <Filter>Source Files</Filter>
    </ClCompile>
    <ClCompile Include="FlysPoorly.cpp">
      <Filter>Source Files</Filter>
    </ClCompile>
    <ClCompile Include="ToyDuck.h">
      <Filter>Header Files</Filter>
    </ClCompile>
    <ClCompile Include="ToyDuck.cpp">
      <Filter>Source Files</Filter>
    </ClCompile>
    <ClCompile Include="LaysToyEggs.cpp">
      <Filter>Source Files</Filter>
    </ClCompile>
  </ItemGroup>
  <ItemGroup>
    <ClInclude Include="Squeak.h">
      <Filter>Header Files</Filter>
    </ClInclude>
    <ClInclude Include="DecoyDuck.h">
      <Filter>Header Files</Filter>
    </ClInclude>
    <ClInclude Include="Duck.h">
      <Filter>Header Files</Filter>
    </ClInclude>
    <ClInclude Include="FlyBehavior.h">
      <Filter>Header Files</Filter>
    </ClInclude>
    <ClInclude Include="FlyNoWay.h">
      <Filter>Header Files</Filter>
    </ClInclude>
    <ClInclude Include="FlyWithWings.h">
      <Filter>Header Files</Filter>
    </ClInclude>
    <ClInclude Include="MallardDuck.h">
      <Filter>Header Files</Filter>
    </ClInclude>
    <ClInclude Include="MuteQuack.h">
      <Filter>Header Files</Filter>
    </ClInclude>
    <ClInclude Include="Quack.h">
      <Filter>Header Files</Filter>
    </ClInclude>
    <ClInclude Include="QuackBehavior.h">
      <Filter>Header Files</Filter>
    </ClInclude>
    <ClInclude Include="RedHeadDuck.h">
      <Filter>Header Files</Filter>
    </ClInclude>
    <ClInclude Include="PekinDuck.h">
      <Filter>Header Files</Filter>
    </ClInclude>
    <ClInclude Include="LaysEggs.h">
      <Filter>Header Files</Filter>
    </ClInclude>
    <ClInclude Include="LaysEggsBroody.h">
      <Filter>Header Files</Filter>
    </ClInclude>
    <ClInclude Include="LaysEggsNotBroody.h">
      <Filter>Header Files</Filter>
    </ClInclude>
    <ClInclude Include="DoesNotLayEggs.h">
      <Filter>Header Files</Filter>
    </ClInclude>
    <ClInclude Include="FlysPoorly.h">
      <Filter>Header Files</Filter>
    </ClInclude>
    <ClInclude Include="LaysToyEggs.h">
      <Filter>Header Files</Filter>
    </ClInclude>
  </ItemGroup>
</Project>